Microsoft Visual Studio Solution File, Format Version 12.00
# Visual Studio Version 17
VisualStudioVersion = 17.5.2.0
MinimumVisualStudioVersion = 10.0.40219.1
Project("{FAE04EC0-301F-11D3-BF4B-00C04F79EFBC}") = "RaylibCSharpWorkshop", "RaylibCSharpWorkshop.csproj", "{BD40F7C0-2987-9E5F-8947-F5323E979CE8}"
EndProject
Global
	GlobalSection(SolutionConfigurationPlatforms) = preSolution
		Debug|Any CPU = Debug|Any CPU
		Release|Any CPU = Release|Any CPU
	EndGlobalSection
	GlobalSection(ProjectConfigurationPlatforms) = postSolution
		{BD40F7C0-2987-9E5F-8947-F5323E979CE8}.Debug|Any CPU.ActiveCfg = Debug|Any CPU
		{BD40F7C0-2987-9E5F-8947-F5323E979CE8}.Debug|Any CPU.Build.0 = Debug|Any CPU
		{BD40F7C0-2987-9E5F-8947-F5323E979CE8}.Release|Any CPU.ActiveCfg = Release|Any CPU
		{BD40F7C0-2987-9E5F-8947-F5323E979CE8}.Release|Any CPU.Build.0 = Release|Any CPU
	EndGlobalSection
	GlobalSection(SolutionProperties) = preSolution
		HideSolutionNode = FALSE
	EndGlobalSection
	GlobalSection(ExtensibilityGlobals) = postSolution
		SolutionGuid = {1EC63FD1-9427-47B2-9C2E-2CC1CCCE18C5}
	EndGlobalSection
EndGlobal
